name: omarchy-sl7-faceunlock

on:
  push:
    paths:
      - 'pkgs/omarchy-sl7-faceunlock/**'
      - '.github/workflows/omarchy-sl7-faceunlock.yml'
  workflow_dispatch:

permissions:
  contents: read

env:
  # Arch Linux ARM build environment (omacom/omarchy-pkg-builder, aarch64),
  # pinned by digest, the same image as linux-sl7.
  BUILDER_IMAGE: ghcr.io/omacom/omarchy-pkg-builder@sha256:a0cedbe8fb2f15aa34217ddd8a74a5e12003dc442f16f1825ab2b9e023488a63

jobs:
  build:
    runs-on: ubuntu-24.04-arm
    timeout-minutes: 30
    steps:
      - uses: actions/checkout@3d3c42e5aac5ba805825da76410c181273ba90b1 # v7.0.1
        with:
          persist-credentials: false

      - name: Lint and fixture tests
        run: |
          set -euo pipefail
          sudo apt-get update -qq
          sudo apt-get install -y -qq shellcheck jq
          if grep -rIn '[[:space:]]$' pkgs/omarchy-sl7-faceunlock; then
            echo "trailing whitespace found" >&2
            exit 1
          fi
          cd pkgs/omarchy-sl7-faceunlock
          tests/run-tests.sh
          shellcheck -x -s bash -S warning omarchy-sl7-faceunlock.install

      - name: Build package in ALARM container
        run: |
          set -euo pipefail
          mkdir -p out
          docker run --rm --platform linux/arm64 --user 0 \
            -v "$PWD/pkgs/omarchy-sl7-faceunlock:/src:ro" \
            -v "$PWD/out:/out" \
            "$BUILDER_IMAGE" bash -euxc '
              grep -q "^DisableSandbox" /etc/pacman.conf || sed -i "/^\[options\]/a DisableSandbox" /etc/pacman.conf
              pacman -Syu --noconfirm --needed base-devel git
              id builder >/dev/null 2>&1 || useradd -m builder
              cp -r /src /home/builder/build
              chown -R builder:builder /home/builder/build
              cd /home/builder/build
              su builder -c "makepkg --printsrcinfo" > /tmp/SRCINFO.new
              diff -u .SRCINFO /tmp/SRCINFO.new
              su builder -c "PKGEXT=.pkg.tar.zst makepkg --nodeps --noconfirm --cleanbuild"
              cp /home/builder/build/*.pkg.tar.* /out/
            '

      - name: Verify package contents
        run: |
          set -euo pipefail
          pkg=$(ls out/*.pkg.tar.* | head -n1)
          tar -tf "$pkg" | sort > out/contents.txt
          for f in usr/bin/omarchy-sl7-faceunlock usr/lib/sl7-faceunlock/root-helper usr/lib/sl7-faceunlock/lid-closed usr/lib/sl7-faceunlock/lock-patch/howdy-lock-pam.patch usr/lib/systemd/user/omarchy-sl7-faceunlock-menu.service; do
            grep -qx "$f" out/contents.txt || { echo "missing: $f" >&2; exit 1; }
          done

      - uses: actions/upload-artifact@ea165f8d65b6e75b540449e92b4886f43607fa02 # v4
        with:
          name: omarchy-sl7-faceunlock-aarch64
          path: out/*.pkg.tar.*
          if-no-files-found: error
